
Microsoft Visual Studio Solution File, Format Version 12.00
# Visual Studio Version 17
VisualStudioVersion = 17.7.34221.43
MinimumVisualStudioVersion = 10.0.40219.1
Project("{2150E333-8FDC-42A3-9474-1A3956D46DE8}") = "src", "src", "{19E79B89-DFEE-4888-BCD3-BBB3677BB3DE}"
EndProject
Project("{2150E333-8FDC-42A3-9474-1A3956D46DE8}") = "API", "API", "{426BC200-3EA6-4D86-A1C4-299E86DC5369}"
EndProject
Project("{2150E333-8FDC-42A3-9474-1A3956D46DE8}") = "BuildingBlocks", "BuildingBlocks", "{6F35602A-63FE-495E-8683-80C96DBEF2AD}"
EndProject
Project("{2150E333-8FDC-42A3-9474-1A3956D46DE8}") = "Modules", "Modules", "{1CF85C0B-1F2D-477A-8D75-43F9EADA68E7}"
EndProject
Project("{9A19103F-16F7-4668-BE54-9A1E7A4F7556}") = "Ecommerce.API", "EcommerceApplication.API\Ecommerce.API.csproj", "{68C8A045-569C-4F53-96C9-0FEA8FCDD67A}"
EndProject
Project("{9A19103F-16F7-4668-BE54-9A1E7A4F7556}") = "Ecommerce.BuildingBlocks.Domain", "Ecommerce.BuildingBlocks.Domain\Ecommerce.BuildingBlocks.Domain.csproj", "{DE1BE6DD-671C-4BE8-B6CA-0A9357819ACC}"
EndProject
Project("{9A19103F-16F7-4668-BE54-9A1E7A4F7556}") = "Ecommerce.BuildingBlocks.Application", "Ecommerce.BuildingBlocks.Application\Ecommerce.BuildingBlocks.Application.csproj", "{E02ECFF5-1989-4D80-9C82-44034EE2D395}"
EndProject
Project("{9A19103F-16F7-4668-BE54-9A1E7A4F7556}") = "Ecommerce.BuildingBlocks.Infrastructure", "Ecommerce.BuildingBlocks.Infrastructure\Ecommerce.BuildingBlocks.Infrastructure.csproj", "{A2CC0D81-6AC4-4944-8B3E-505C298FE72E}"
EndProject
Project("{2150E333-8FDC-42A3-9474-1A3956D46DE8}") = "Catalog", "Catalog", "{C8945F26-9223-4928-BF4D-16A74E272579}"
EndProject
Project("{2150E333-8FDC-42A3-9474-1A3956D46DE8}") = "Shopping", "Shopping", "{1F1DAEDC-E7C4-43ED-8221-89FCFF0F12F6}"
EndProject
Project("{2150E333-8FDC-42A3-9474-1A3956D46DE8}") = "Notifications", "Notifications", "{D6E86731-B27E-42EA-8304-276E121ADD84}"
EndProject
Project("{2150E333-8FDC-42A3-9474-1A3956D46DE8}") = "UserAccess", "UserAccess", "{DFEE2D83-835A-4803-944B-B0FBA7E06B6B}"
EndProject
Project("{9A19103F-16F7-4668-BE54-9A1E7A4F7556}") = "Ecommerce.Catalog.Domain", "Ecommerce.Catalog.Domain\Ecommerce.Catalog.Domain.csproj", "{801FA039-1390-413B-A317-C4D2AA9874A8}"
EndProject
Project("{9A19103F-16F7-4668-BE54-9A1E7A4F7556}") = "Ecommerce.Catalog.Application", "Ecommerce.Catalog.Application\Ecommerce.Catalog.Application.csproj", "{5D30D639-9A25-48BB-8C24-1C12E87E757E}"
EndProject
Project("{9A19103F-16F7-4668-BE54-9A1E7A4F7556}") = "Ecommerce.UserAccess.Domain", "Ecommerce.UserAccess.Domain\Ecommerce.UserAccess.Domain.csproj", "{E9A8DA1E-5EBA-4FDF-8072-7DC366C52460}"
EndProject
Project("{9A19103F-16F7-4668-BE54-9A1E7A4F7556}") = "Ecommerce.Catalog.IntegrationEvents", "Ecommerce.Catalog.IntegrationEvents\Ecommerce.Catalog.IntegrationEvents.csproj", "{140D8EB7-4528-430C-9A83-EE1F25AE229B}"
EndProject
Project("{2150E333-8FDC-42A3-9474-1A3956D46DE8}") = "Tests", "Tests", "{215364B8-1534-4EB3-A89E-79C20E191405}"
EndProject
Project("{9A19103F-16F7-4668-BE54-9A1E7A4F7556}") = "Ecommerce.Catalog.Infrastructure", "Ecommerce.Catalog.Infrastructure\Ecommerce.Catalog.Infrastructure.csproj", "{A0C94338-BFB3-44F4-8EF0-6D71BC417285}"
EndProject
Project("{E53339B2-1760-4266-BCC7-CA923CBCF16C}") = "docker-compose", "docker-compose.dcproj", "{23D35A22-06BF-4D82-995A-304378A04755}"
EndProject
Project("{9A19103F-16F7-4668-BE54-9A1E7A4F7556}") = "Ecommerce.Catalog.Tests", "..\Ecommerce.Catalog.Tests\Ecommerce.Catalog.Tests.csproj", "{0CC7F378-047B-4D03-A226-E4703B8781D6}"
EndProject
Project("{2150E333-8FDC-42A3-9474-1A3956D46DE8}") = "Solution Items", "Solution Items", "{8BEA06B0-9E3D-4E89-B5C5-1AE5367B72AF}"
	ProjectSection(SolutionItems) = preProject
		.editorconfig = .editorconfig
	EndProjectSection
EndProject
Project("{9A19103F-16F7-4668-BE54-9A1E7A4F7556}") = "Ecommerce.UserAccess.Application", "..\Ecommerce.UserAccess.Application\Ecommerce.UserAccess.Application.csproj", "{CCB5D06D-A9AF-4953-B3B7-E9B28D161ADD}"
EndProject
Project("{9A19103F-16F7-4668-BE54-9A1E7A4F7556}") = "Ecommerce.UserAccess.IntegrationEvents", "..\Ecommerce.UserAccess.IntegrationEvent\Ecommerce.UserAccess.IntegrationEvents.csproj", "{76803783-CF48-40A8-B125-737923582A25}"
EndProject
Project("{2150E333-8FDC-42A3-9474-1A3956D46DE8}") = "Profiles", "Profiles", "{42A0A3C8-C35C-45EF-97B1-08C7A41FD15C}"
EndProject
Project("{FAE04EC0-301F-11D3-BF4B-00C04F79EFBC}") = "Ecommerce.UserAccess.Infrastructure", "..\Ecommerce.UserAccess.Infrastructure\Ecommerce.UserAccess.Infrastructure.csproj", "{CC369060-0C0E-4700-8CAD-5F8AA75CA411}"
EndProject
Project("{FAE04EC0-301F-11D3-BF4B-00C04F79EFBC}") = "Ecommerce.Shopping.Domain", "..\Ecommerce.Shopping.Domain\Ecommerce.Shopping.Domain.csproj", "{C5079030-C29B-4814-931C-6EAC525C7760}"
EndProject
Project("{FAE04EC0-301F-11D3-BF4B-00C04F79EFBC}") = "Ecommerce.Shopping.IntegrationEvents", "..\Ecommerce.Shopping.IntegrationEvents\Ecommerce.Shopping.IntegrationEvents.csproj", "{910F7DFB-D96F-48D0-BB48-2309758DFB7E}"
EndProject
Project("{FAE04EC0-301F-11D3-BF4B-00C04F79EFBC}") = "Ecommerce.UserAccess.Tests", "..\Ecommerce.UserAccess.Tests\Ecommerce.UserAccess.Tests.csproj", "{1F28490C-2538-4521-B5BF-17C0E2B476DB}"
EndProject
Global
	GlobalSection(SolutionConfigurationPlatforms) = preSolution
		Debug|Any CPU = Debug|Any CPU
		Release|Any CPU = Release|Any CPU
	EndGlobalSection
	GlobalSection(ProjectConfigurationPlatforms) = postSolution
		{68C8A045-569C-4F53-96C9-0FEA8FCDD67A}.Debug|Any CPU.ActiveCfg = Debug|Any CPU
		{68C8A045-569C-4F53-96C9-0FEA8FCDD67A}.Debug|Any CPU.Build.0 = Debug|Any CPU
		{68C8A045-569C-4F53-96C9-0FEA8FCDD67A}.Release|Any CPU.ActiveCfg = Release|Any CPU
		{68C8A045-569C-4F53-96C9-0FEA8FCDD67A}.Release|Any CPU.Build.0 = Release|Any CPU
		{DE1BE6DD-671C-4BE8-B6CA-0A9357819ACC}.Debug|Any CPU.ActiveCfg = Debug|Any CPU
		{DE1BE6DD-671C-4BE8-B6CA-0A9357819ACC}.Debug|Any CPU.Build.0 = Debug|Any CPU
		{DE1BE6DD-671C-4BE8-B6CA-0A9357819ACC}.Release|Any CPU.ActiveCfg = Release|Any CPU
		{DE1BE6DD-671C-4BE8-B6CA-0A9357819ACC}.Release|Any CPU.Build.0 = Release|Any CPU
		{E02ECFF5-1989-4D80-9C82-44034EE2D395}.Debug|Any CPU.ActiveCfg = Debug|Any CPU
		{E02ECFF5-1989-4D80-9C82-44034EE2D395}.Debug|Any CPU.Build.0 = Debug|Any CPU
		{E02ECFF5-1989-4D80-9C82-44034EE2D395}.Release|Any CPU.ActiveCfg = Release|Any CPU
		{E02ECFF5-1989-4D80-9C82-44034EE2D395}.Release|Any CPU.Build.0 = Release|Any CPU
		{A2CC0D81-6AC4-4944-8B3E-505C298FE72E}.Debug|Any CPU.ActiveCfg = Debug|Any CPU
		{A2CC0D81-6AC4-4944-8B3E-505C298FE72E}.Debug|Any CPU.Build.0 = Debug|Any CPU
		{A2CC0D81-6AC4-4944-8B3E-505C298FE72E}.Release|Any CPU.ActiveCfg = Release|Any CPU
		{A2CC0D81-6AC4-4944-8B3E-505C298FE72E}.Release|Any CPU.Build.0 = Release|Any CPU
		{801FA039-1390-413B-A317-C4D2AA9874A8}.Debug|Any CPU.ActiveCfg = Debug|Any CPU
		{801FA039-1390-413B-A317-C4D2AA9874A8}.Debug|Any CPU.Build.0 = Debug|Any CPU
		{801FA039-1390-413B-A317-C4D2AA9874A8}.Release|Any CPU.ActiveCfg = Release|Any CPU
		{801FA039-1390-413B-A317-C4D2AA9874A8}.Release|Any CPU.Build.0 = Release|Any CPU
		{5D30D639-9A25-48BB-8C24-1C12E87E757E}.Debug|Any CPU.ActiveCfg = Debug|Any CPU
		{5D30D639-9A25-48BB-8C24-1C12E87E757E}.Debug|Any CPU.Build.0 = Debug|Any CPU
		{5D30D639-9A25-48BB-8C24-1C12E87E757E}.Release|Any CPU.ActiveCfg = Release|Any CPU
		{5D30D639-9A25-48BB-8C24-1C12E87E757E}.Release|Any CPU.Build.0 = Release|Any CPU
		{E9A8DA1E-5EBA-4FDF-8072-7DC366C52460}.Debug|Any CPU.ActiveCfg = Debug|Any CPU
		{E9A8DA1E-5EBA-4FDF-8072-7DC366C52460}.Debug|Any CPU.Build.0 = Debug|Any CPU
		{E9A8DA1E-5EBA-4FDF-8072-7DC366C52460}.Release|Any CPU.ActiveCfg = Release|Any CPU
		{E9A8DA1E-5EBA-4FDF-8072-7DC366C52460}.Release|Any CPU.Build.0 = Release|Any CPU
		{140D8EB7-4528-430C-9A83-EE1F25AE229B}.Debug|Any CPU.ActiveCfg = Debug|Any CPU
		{140D8EB7-4528-430C-9A83-EE1F25AE229B}.Debug|Any CPU.Build.0 = Debug|Any CPU
		{140D8EB7-4528-430C-9A83-EE1F25AE229B}.Release|Any CPU.ActiveCfg = Release|Any CPU
		{140D8EB7-4528-430C-9A83-EE1F25AE229B}.Release|Any CPU.Build.0 = Release|Any CPU
		{A0C94338-BFB3-44F4-8EF0-6D71BC417285}.Debug|Any CPU.ActiveCfg = Debug|Any CPU
		{A0C94338-BFB3-44F4-8EF0-6D71BC417285}.Debug|Any CPU.Build.0 = Debug|Any CPU
		{A0C94338-BFB3-44F4-8EF0-6D71BC417285}.Release|Any CPU.ActiveCfg = Release|Any CPU
		{A0C94338-BFB3-44F4-8EF0-6D71BC417285}.Release|Any CPU.Build.0 = Release|Any CPU
		{23D35A22-06BF-4D82-995A-304378A04755}.Debug|Any CPU.ActiveCfg = Debug|Any CPU
		{23D35A22-06BF-4D82-995A-304378A04755}.Debug|Any CPU.Build.0 = Debug|Any CPU
		{23D35A22-06BF-4D82-995A-304378A04755}.Release|Any CPU.ActiveCfg = Release|Any CPU
		{23D35A22-06BF-4D82-995A-304378A04755}.Release|Any CPU.Build.0 = Release|Any CPU
		{0CC7F378-047B-4D03-A226-E4703B8781D6}.Debug|Any CPU.ActiveCfg = Debug|Any CPU
		{0CC7F378-047B-4D03-A226-E4703B8781D6}.Debug|Any CPU.Build.0 = Debug|Any CPU
		{0CC7F378-047B-4D03-A226-E4703B8781D6}.Release|Any CPU.ActiveCfg = Release|Any CPU
		{0CC7F378-047B-4D03-A226-E4703B8781D6}.Release|Any CPU.Build.0 = Release|Any CPU
		{CCB5D06D-A9AF-4953-B3B7-E9B28D161ADD}.Debug|Any CPU.ActiveCfg = Debug|Any CPU
		{CCB5D06D-A9AF-4953-B3B7-E9B28D161ADD}.Debug|Any CPU.Build.0 = Debug|Any CPU
		{CCB5D06D-A9AF-4953-B3B7-E9B28D161ADD}.Release|Any CPU.ActiveCfg = Release|Any CPU
		{CCB5D06D-A9AF-4953-B3B7-E9B28D161ADD}.Release|Any CPU.Build.0 = Release|Any CPU
		{76803783-CF48-40A8-B125-737923582A25}.Debug|Any CPU.ActiveCfg = Debug|Any CPU
		{76803783-CF48-40A8-B125-737923582A25}.Debug|Any CPU.Build.0 = Debug|Any CPU
		{76803783-CF48-40A8-B125-737923582A25}.Release|Any CPU.ActiveCfg = Release|Any CPU
		{76803783-CF48-40A8-B125-737923582A25}.Release|Any CPU.Build.0 = Release|Any CPU
		{CC369060-0C0E-4700-8CAD-5F8AA75CA411}.Debug|Any CPU.ActiveCfg = Debug|Any CPU
		{CC369060-0C0E-4700-8CAD-5F8AA75CA411}.Debug|Any CPU.Build.0 = Debug|Any CPU
		{CC369060-0C0E-4700-8CAD-5F8AA75CA411}.Release|Any CPU.ActiveCfg = Release|Any CPU
		{CC369060-0C0E-4700-8CAD-5F8AA75CA411}.Release|Any CPU.Build.0 = Release|Any CPU
		{C5079030-C29B-4814-931C-6EAC525C7760}.Debug|Any CPU.ActiveCfg = Debug|Any CPU
		{C5079030-C29B-4814-931C-6EAC525C7760}.Debug|Any CPU.Build.0 = Debug|Any CPU
		{C5079030-C29B-4814-931C-6EAC525C7760}.Release|Any CPU.ActiveCfg = Release|Any CPU
		{C5079030-C29B-4814-931C-6EAC525C7760}.Release|Any CPU.Build.0 = Release|Any CPU
		{910F7DFB-D96F-48D0-BB48-2309758DFB7E}.Debug|Any CPU.ActiveCfg = Debug|Any CPU
		{910F7DFB-D96F-48D0-BB48-2309758DFB7E}.Debug|Any CPU.Build.0 = Debug|Any CPU
		{910F7DFB-D96F-48D0-BB48-2309758DFB7E}.Release|Any CPU.ActiveCfg = Release|Any CPU
		{910F7DFB-D96F-48D0-BB48-2309758DFB7E}.Release|Any CPU.Build.0 = Release|Any CPU
		{1F28490C-2538-4521-B5BF-17C0E2B476DB}.Debug|Any CPU.ActiveCfg = Debug|Any CPU
		{1F28490C-2538-4521-B5BF-17C0E2B476DB}.Debug|Any CPU.Build.0 = Debug|Any CPU
		{1F28490C-2538-4521-B5BF-17C0E2B476DB}.Release|Any CPU.ActiveCfg = Release|Any CPU
		{1F28490C-2538-4521-B5BF-17C0E2B476DB}.Release|Any CPU.Build.0 = Release|Any CPU
	EndGlobalSection
	GlobalSection(SolutionProperties) = preSolution
		HideSolutionNode = FALSE
	EndGlobalSection
	GlobalSection(NestedProjects) = preSolution
		{426BC200-3EA6-4D86-A1C4-299E86DC5369} = {19E79B89-DFEE-4888-BCD3-BBB3677BB3DE}
		{6F35602A-63FE-495E-8683-80C96DBEF2AD} = {19E79B89-DFEE-4888-BCD3-BBB3677BB3DE}
		{1CF85C0B-1F2D-477A-8D75-43F9EADA68E7} = {19E79B89-DFEE-4888-BCD3-BBB3677BB3DE}
		{68C8A045-569C-4F53-96C9-0FEA8FCDD67A} = {426BC200-3EA6-4D86-A1C4-299E86DC5369}
		{DE1BE6DD-671C-4BE8-B6CA-0A9357819ACC} = {6F35602A-63FE-495E-8683-80C96DBEF2AD}
		{E02ECFF5-1989-4D80-9C82-44034EE2D395} = {6F35602A-63FE-495E-8683-80C96DBEF2AD}
		{A2CC0D81-6AC4-4944-8B3E-505C298FE72E} = {6F35602A-63FE-495E-8683-80C96DBEF2AD}
		{C8945F26-9223-4928-BF4D-16A74E272579} = {1CF85C0B-1F2D-477A-8D75-43F9EADA68E7}
		{1F1DAEDC-E7C4-43ED-8221-89FCFF0F12F6} = {1CF85C0B-1F2D-477A-8D75-43F9EADA68E7}
		{D6E86731-B27E-42EA-8304-276E121ADD84} = {1CF85C0B-1F2D-477A-8D75-43F9EADA68E7}
		{DFEE2D83-835A-4803-944B-B0FBA7E06B6B} = {1CF85C0B-1F2D-477A-8D75-43F9EADA68E7}
		{801FA039-1390-413B-A317-C4D2AA9874A8} = {C8945F26-9223-4928-BF4D-16A74E272579}
		{5D30D639-9A25-48BB-8C24-1C12E87E757E} = {C8945F26-9223-4928-BF4D-16A74E272579}
		{E9A8DA1E-5EBA-4FDF-8072-7DC366C52460} = {DFEE2D83-835A-4803-944B-B0FBA7E06B6B}
		{140D8EB7-4528-430C-9A83-EE1F25AE229B} = {C8945F26-9223-4928-BF4D-16A74E272579}
		{215364B8-1534-4EB3-A89E-79C20E191405} = {19E79B89-DFEE-4888-BCD3-BBB3677BB3DE}
		{A0C94338-BFB3-44F4-8EF0-6D71BC417285} = {C8945F26-9223-4928-BF4D-16A74E272579}
		{0CC7F378-047B-4D03-A226-E4703B8781D6} = {C8945F26-9223-4928-BF4D-16A74E272579}
		{CCB5D06D-A9AF-4953-B3B7-E9B28D161ADD} = {DFEE2D83-835A-4803-944B-B0FBA7E06B6B}
		{76803783-CF48-40A8-B125-737923582A25} = {DFEE2D83-835A-4803-944B-B0FBA7E06B6B}
		{42A0A3C8-C35C-45EF-97B1-08C7A41FD15C} = {1CF85C0B-1F2D-477A-8D75-43F9EADA68E7}
		{CC369060-0C0E-4700-8CAD-5F8AA75CA411} = {DFEE2D83-835A-4803-944B-B0FBA7E06B6B}
		{C5079030-C29B-4814-931C-6EAC525C7760} = {1F1DAEDC-E7C4-43ED-8221-89FCFF0F12F6}
		{910F7DFB-D96F-48D0-BB48-2309758DFB7E} = {1F1DAEDC-E7C4-43ED-8221-89FCFF0F12F6}
		{1F28490C-2538-4521-B5BF-17C0E2B476DB} = {DFEE2D83-835A-4803-944B-B0FBA7E06B6B}
	EndGlobalSection
	GlobalSection(ExtensibilityGlobals) = postSolution
		SolutionGuid = {0A0229CF-7A86-46C6-A16B-90F400669954}
	EndGlobalSection
EndGlobal
