
Microsoft Visual Studio Solution File, Format Version 12.00
# Visual Studio Version 17
VisualStudioVersion = 17.7.34221.43
MinimumVisualStudioVersion = 10.0.40219.1
Project("{9A19103F-16F7-4668-BE54-9A1E7A4F7556}") = "API", "API\API.csproj", "{928E8F0B-99F0-4207-906A-25EE42155DEB}"
EndProject
Project("{FAE04EC0-301F-11D3-BF4B-00C04F79EFBC}") = "Publisher", "Publisher\Publisher.csproj", "{D039AA4C-69C9-4DD8-BF09-0309E1265A4C}"
EndProject
Project("{FAE04EC0-301F-11D3-BF4B-00C04F79EFBC}") = "Integration", "Integration\Integration.csproj", "{A3A3DAE5-2564-48DE-B722-2905DE30444C}"
EndProject
Project("{FAE04EC0-301F-11D3-BF4B-00C04F79EFBC}") = "Consumidor", "Consumidor\Consumidor.csproj", "{0B290BAB-84D7-4D8B-9830-D2C47B58FA8A}"
EndProject
Global
	GlobalSection(SolutionConfigurationPlatforms) = preSolution
		Debug|Any CPU = Debug|Any CPU
		Release|Any CPU = Release|Any CPU
	EndGlobalSection
	GlobalSection(ProjectConfigurationPlatforms) = postSolution
		{928E8F0B-99F0-4207-906A-25EE42155DEB}.Debug|Any CPU.ActiveCfg = Debug|Any CPU
		{928E8F0B-99F0-4207-906A-25EE42155DEB}.Debug|Any CPU.Build.0 = Debug|Any CPU
		{928E8F0B-99F0-4207-906A-25EE42155DEB}.Release|Any CPU.ActiveCfg = Release|Any CPU
		{928E8F0B-99F0-4207-906A-25EE42155DEB}.Release|Any CPU.Build.0 = Release|Any CPU
		{D039AA4C-69C9-4DD8-BF09-0309E1265A4C}.Debug|Any CPU.ActiveCfg = Debug|Any CPU
		{D039AA4C-69C9-4DD8-BF09-0309E1265A4C}.Debug|Any CPU.Build.0 = Debug|Any CPU
		{D039AA4C-69C9-4DD8-BF09-0309E1265A4C}.Release|Any CPU.ActiveCfg = Release|Any CPU
		{D039AA4C-69C9-4DD8-BF09-0309E1265A4C}.Release|Any CPU.Build.0 = Release|Any CPU
		{A3A3DAE5-2564-48DE-B722-2905DE30444C}.Debug|Any CPU.ActiveCfg = Debug|Any CPU
		{A3A3DAE5-2564-48DE-B722-2905DE30444C}.Debug|Any CPU.Build.0 = Debug|Any CPU
		{A3A3DAE5-2564-48DE-B722-2905DE30444C}.Release|Any CPU.ActiveCfg = Release|Any CPU
		{A3A3DAE5-2564-48DE-B722-2905DE30444C}.Release|Any CPU.Build.0 = Release|Any CPU
		{0B290BAB-84D7-4D8B-9830-D2C47B58FA8A}.Debug|Any CPU.ActiveCfg = Debug|Any CPU
		{0B290BAB-84D7-4D8B-9830-D2C47B58FA8A}.Debug|Any CPU.Build.0 = Debug|Any CPU
		{0B290BAB-84D7-4D8B-9830-D2C47B58FA8A}.Release|Any CPU.ActiveCfg = Release|Any CPU
		{0B290BAB-84D7-4D8B-9830-D2C47B58FA8A}.Release|Any CPU.Build.0 = Release|Any CPU
	EndGlobalSection
	GlobalSection(SolutionProperties) = preSolution
		HideSolutionNode = FALSE
	EndGlobalSection
	GlobalSection(ExtensibilityGlobals) = postSolution
		SolutionGuid = {F301B127-AF7E-4778-81C7-047934C063A2}
	EndGlobalSection
EndGlobal
